// !$*UTF8*$!
{
	archiveVersion = 1;
	classes = {
	};
	objectVersion = 50;
	objects = {

/* Begin PBXBuildFile section */
		9AA3FEF425F65D790016ABF2 /* AppDelegate.m in Sources */ = {isa = PBXBuildFile; fileRef = 9AA3FEF325F65D790016ABF2 /* AppDelegate.m */; };
		9AA3FEF725F65D790016ABF2 /* SceneDelegate.m in Sources */ = {isa = PBXBuildFile; fileRef = 9AA3FEF625F65D790016ABF2 /* SceneDelegate.m */; };
		9AA3FEFA25F65D790016ABF2 /* ViewController.m in Sources */ = {isa = PBXBuildFile; fileRef = 9AA3FEF925F65D790016ABF2 /* ViewController.m */; };
		9AA3FEFD25F65D790016ABF2 /* Main.storyboard in Resources */ = {isa = PBXBuildFile; fileRef = 9AA3FEFB25F65D790016ABF2 /* Main.storyboard */; };
		9AA3FEFF25F65D7B0016ABF2 /* Assets.xcassets in Resources */ = {isa = PBXBuildFile; fileRef = 9AA3FEFE25F65D7B0016ABF2 /* Assets.xcassets */; };
		9AA3FF0225F65D7B0016ABF2 /* LaunchScreen.storyboard in Resources */ = {isa = PBXBuildFile; fileRef = 9AA3FF0025F65D7B0016ABF2 /* LaunchScreen.storyboard */; };
		9AA3FF0525F65D7B0016ABF2 /* main.m in Sources */ = {isa = PBXBuildFile; fileRef = 9AA3FF0425F65D7B0016ABF2 /* main.m */; };
		9AA3FF0F25F65D7C0016ABF2 /* _________Tests.m in Sources */ = {isa = PBXBuildFile; fileRef = 9AA3FF0E25F65D7C0016ABF2 /* _________Tests.m */; };
		9AA3FF1A25F65D7C0016ABF2 /* _________UITests.m in Sources */ = {isa = PBXBuildFile; fileRef = 9AA3FF1925F65D7C0016ABF2 /* _________UITests.m */; };
/* End PBXBuildFile section */

/* Begin PBXContainerItemProxy section */
		9AA3FF0B25F65D7C0016ABF2 /* PBXContainerItemProxy */ = {
			isa = PBXContainerItemProxy;
			containerPortal = 9AA3FEE725F65D790016ABF2 /* Project object */;
			proxyType = 1;
			remoteGlobalIDString = 9AA3FEEE25F65D790016ABF2;
			remoteInfo = "事件的传递与响应链";
		};
		9AA3FF1625F65D7C0016ABF2 /* PBXContainerItemProxy */ = {
			isa = PBXContainerItemProxy;
			containerPortal = 9AA3FEE725F65D790016ABF2 /* Project object */;
			proxyType = 1;
			remoteGlobalIDString = 9AA3FEEE25F65D790016ABF2;
			remoteInfo = "事件的传递与响应链";
		};
/* End PBXContainerItemProxy section */

/* Begin PBXFileReference section */
		9AA3FEEF25F65D790016ABF2 /* 事件的传递与响应链.app */ = {isa = PBXFileReference; explicitFileType = wrapper.application; includeInIndex = 0; path = "事件的传递与响应链.app"; sourceTree = BUILT_PRODUCTS_DIR; };
		9AA3FEF225F65D790016ABF2 /* AppDelegate.h */ = {isa = PBXFileReference; lastKnownFileType = sourcecode.c.h; path = AppDelegate.h; sourceTree = "<group>"; };
		9AA3FEF325F65D790016ABF2 /* AppDelegate.m */ = {isa = PBXFileReference; lastKnownFileType = sourcecode.c.objc; path = AppDelegate.m; sourceTree = "<group>"; };
		9AA3FEF525F65D790016ABF2 /* SceneDelegate.h */ = {isa = PBXFileReference; lastKnownFileType = sourcecode.c.h; path = SceneDelegate.h; sourceTree = "<group>"; };
		9AA3FEF625F65D790016ABF2 /* SceneDelegate.m */ = {isa = PBXFileReference; lastKnownFileType = sourcecode.c.objc; path = SceneDelegate.m; sourceTree = "<group>"; };
		9AA3FEF825F65D790016ABF2 /* ViewController.h */ = {isa = PBXFileReference; lastKnownFileType = sourcecode.c.h; path = ViewController.h; sourceTree = "<group>"; };
		9AA3FEF925F65D790016ABF2 /* ViewController.m */ = {isa = PBXFileReference; lastKnownFileType = sourcecode.c.objc; path = ViewController.m; sourceTree = "<group>"; };
		9AA3FEFC25F65D790016ABF2 /* Base */ = {isa = PBXFileReference; lastKnownFileType = file.storyboard; name = Base; path = Base.lproj/Main.storyboard; sourceTree = "<group>"; };
		9AA3FEFE25F65D7B0016ABF2 /* Assets.xcassets */ = {isa = PBXFileReference; lastKnownFileType = folder.assetcatalog; path = Assets.xcassets; sourceTree = "<group>"; };
		9AA3FF0125F65D7B0016ABF2 /* Base */ = {isa = PBXFileReference; lastKnownFileType = file.storyboard; name = Base; path = Base.lproj/LaunchScreen.storyboard; sourceTree = "<group>"; };
		9AA3FF0325F65D7B0016ABF2 /* Info.plist */ = {isa = PBXFileReference; lastKnownFileType = text.plist.xml; path = Info.plist; sourceTree = "<group>"; };
		9AA3FF0425F65D7B0016ABF2 /* main.m */ = {isa = PBXFileReference; lastKnownFileType = sourcecode.c.objc; path = main.m; sourceTree = "<group>"; };
		9AA3FF0A25F65D7C0016ABF2 /* 事件的传递与响应链Tests.xctest */ = {isa = PBXFileReference; explicitFileType = wrapper.cfbundle; includeInIndex = 0; path = "事件的传递与响应链Tests.xctest"; sourceTree = BUILT_PRODUCTS_DIR; };
		9AA3FF0E25F65D7C0016ABF2 /* _________Tests.m */ = {isa = PBXFileReference; lastKnownFileType = sourcecode.c.objc; path = "_________Tests.m"; sourceTree = "<group>"; };
		9AA3FF1025F65D7C0016ABF2 /* Info.plist */ = {isa = PBXFileReference; lastKnownFileType = text.plist.xml; path = Info.plist; sourceTree = "<group>"; };
		9AA3FF1525F65D7C0016ABF2 /* 事件的传递与响应链UITests.xctest */ = {isa = PBXFileReference; explicitFileType = wrapper.cfbundle; includeInIndex = 0; path = "事件的传递与响应链UITests.xctest"; sourceTree = BUILT_PRODUCTS_DIR; };
		9AA3FF1925F65D7C0016ABF2 /* _________UITests.m */ = {isa = PBXFileReference; lastKnownFileType = sourcecode.c.objc; path = "_________UITests.m"; sourceTree = "<group>"; };
		9AA3FF1B25F65D7C0016ABF2 /* Info.plist */ = {isa = PBXFileReference; lastKnownFileType = text.plist.xml; path = Info.plist; sourceTree = "<group>"; };
/* End PBXFileReference section */

/* Begin PBXFrameworksBuildPhase section */
		9AA3FEEC25F65D790016ABF2 /* Frameworks */ = {
			isa = PBXFrameworksBuildPhase;
			buildActionMask = 2147483647;
			files = (
			);
			runOnlyForDeploymentPostprocessing = 0;
		};
		9AA3FF0725F65D7C0016ABF2 /* Frameworks */ = {
			isa = PBXFrameworksBuildPhase;
			buildActionMask = 2147483647;
			files = (
			);
			runOnlyForDeploymentPostprocessing = 0;
		};
		9AA3FF1225F65D7C0016ABF2 /* Frameworks */ = {
			isa = PBXFrameworksBuildPhase;
			buildActionMask = 2147483647;
			files = (
			);
			runOnlyForDeploymentPostprocessing = 0;
		};
/* End PBXFrameworksBuildPhase section */

/* Begin PBXGroup section */
		9AA3FEE625F65D790016ABF2 = {
			isa = PBXGroup;
			children = (
				9AA3FEF125F65D790016ABF2 /* 事件的传递与响应链 */,
				9AA3FF0D25F65D7C0016ABF2 /* 事件的传递与响应链Tests */,
				9AA3FF1825F65D7C0016ABF2 /* 事件的传递与响应链UITests */,
				9AA3FEF025F65D790016ABF2 /* Products */,
			);
			sourceTree = "<group>";
		};
		9AA3FEF025F65D790016ABF2 /* Products */ = {
			isa = PBXGroup;
			children = (
				9AA3FEEF25F65D790016ABF2 /* 事件的传递与响应链.app */,
				9AA3FF0A25F65D7C0016ABF2 /* 事件的传递与响应链Tests.xctest */,
				9AA3FF1525F65D7C0016ABF2 /* 事件的传递与响应链UITests.xctest */,
			);
			name = Products;
			sourceTree = "<group>";
		};
		9AA3FEF125F65D790016ABF2 /* 事件的传递与响应链 */ = {
			isa = PBXGroup;
			children = (
				9AA3FEF225F65D790016ABF2 /* AppDelegate.h */,
				9AA3FEF325F65D790016ABF2 /* AppDelegate.m */,
				9AA3FEF525F65D790016ABF2 /* SceneDelegate.h */,
				9AA3FEF625F65D790016ABF2 /* SceneDelegate.m */,
				9AA3FEF825F65D790016ABF2 /* ViewController.h */,
				9AA3FEF925F65D790016ABF2 /* ViewController.m */,
				9AA3FEFB25F65D790016ABF2 /* Main.storyboard */,
				9AA3FEFE25F65D7B0016ABF2 /* Assets.xcassets */,
				9AA3FF0025F65D7B0016ABF2 /* LaunchScreen.storyboard */,
				9AA3FF0325F65D7B0016ABF2 /* Info.plist */,
				9AA3FF0425F65D7B0016ABF2 /* main.m */,
			);
			path = "事件的传递与响应链";
			sourceTree = "<group>";
		};
		9AA3FF0D25F65D7C0016ABF2 /* 事件的传递与响应链Tests */ = {
			isa = PBXGroup;
			children = (
				9AA3FF0E25F65D7C0016ABF2 /* _________Tests.m */,
				9AA3FF1025F65D7C0016ABF2 /* Info.plist */,
			);
			path = "事件的传递与响应链Tests";
			sourceTree = "<group>";
		};
		9AA3FF1825F65D7C0016ABF2 /* 事件的传递与响应链UITests */ = {
			isa = PBXGroup;
			children = (
				9AA3FF1925F65D7C0016ABF2 /* _________UITests.m */,
				9AA3FF1B25F65D7C0016ABF2 /* Info.plist */,
			);
			path = "事件的传递与响应链UITests";
			sourceTree = "<group>";
		};
/* End PBXGroup section */

/* Begin PBXNativeTarget section */
		9AA3FEEE25F65D790016ABF2 /* 事件的传递与响应链 */ = {
			isa = PBXNativeTarget;
			buildConfigurationList = 9AA3FF1E25F65D7C0016ABF2 /* Build configuration list for PBXNativeTarget "事件的传递与响应链" */;
			buildPhases = (
				9AA3FEEB25F65D790016ABF2 /* Sources */,
				9AA3FEEC25F65D790016ABF2 /* Frameworks */,
				9AA3FEED25F65D790016ABF2 /* Resources */,
			);
			buildRules = (
			);
			dependencies = (
			);
			name = "事件的传递与响应链";
			productName = "事件的传递与响应链";
			productReference = 9AA3FEEF25F65D790016ABF2 /* 事件的传递与响应链.app */;
			productType = "com.apple.product-type.application";
		};
		9AA3FF0925F65D7C0016ABF2 /* 事件的传递与响应链Tests */ = {
			isa = PBXNativeTarget;
			buildConfigurationList = 9AA3FF2125F65D7C0016ABF2 /* Build configuration list for PBXNativeTarget "事件的传递与响应链Tests" */;
			buildPhases = (
				9AA3FF0625F65D7C0016ABF2 /* Sources */,
				9AA3FF0725F65D7C0016ABF2 /* Frameworks */,
				9AA3FF0825F65D7C0016ABF2 /* Resources */,
			);
			buildRules = (
			);
			dependencies = (
				9AA3FF0C25F65D7C0016ABF2 /* PBXTargetDependency */,
			);
			name = "事件的传递与响应链Tests";
			productName = "事件的传递与响应链Tests";
			productReference = 9AA3FF0A25F65D7C0016ABF2 /* 事件的传递与响应链Tests.xctest */;
			productType = "com.apple.product-type.bundle.unit-test";
		};
		9AA3FF1425F65D7C0016ABF2 /* 事件的传递与响应链UITests */ = {
			isa = PBXNativeTarget;
			buildConfigurationList = 9AA3FF2425F65D7C0016ABF2 /* Build configuration list for PBXNativeTarget "事件的传递与响应链UITests" */;
			buildPhases = (
				9AA3FF1125F65D7C0016ABF2 /* Sources */,
				9AA3FF1225F65D7C0016ABF2 /* Frameworks */,
				9AA3FF1325F65D7C0016ABF2 /* Resources */,
			);
			buildRules = (
			);
			dependencies = (
				9AA3FF1725F65D7C0016ABF2 /* PBXTargetDependency */,
			);
			name = "事件的传递与响应链UITests";
			productName = "事件的传递与响应链UITests";
			productReference = 9AA3FF1525F65D7C0016ABF2 /* 事件的传递与响应链UITests.xctest */;
			productType = "com.apple.product-type.bundle.ui-testing";
		};
/* End PBXNativeTarget section */

/* Begin PBXProject section */
		9AA3FEE725F65D790016ABF2 /* Project object */ = {
			isa = PBXProject;
			attributes = {
				LastUpgradeCheck = 1200;
				TargetAttributes = {
					9AA3FEEE25F65D790016ABF2 = {
						CreatedOnToolsVersion = 12.0.1;
					};
					9AA3FF0925F65D7C0016ABF2 = {
						CreatedOnToolsVersion = 12.0.1;
						TestTargetID = 9AA3FEEE25F65D790016ABF2;
					};
					9AA3FF1425F65D7C0016ABF2 = {
						CreatedOnToolsVersion = 12.0.1;
						TestTargetID = 9AA3FEEE25F65D790016ABF2;
					};
				};
			};
			buildConfigurationList = 9AA3FEEA25F65D790016ABF2 /* Build configuration list for PBXProject "事件的传递与响应链" */;
			compatibilityVersion = "Xcode 9.3";
			developmentRegion = en;
			hasScannedForEncodings = 0;
			knownRegions = (
				en,
				Base,
			);
			mainGroup = 9AA3FEE625F65D790016ABF2;
			productRefGroup = 9AA3FEF025F65D790016ABF2 /* Products */;
			projectDirPath = "";
			projectRoot = "";
			targets = (
				9AA3FEEE25F65D790016ABF2 /* 事件的传递与响应链 */,
				9AA3FF0925F65D7C0016ABF2 /* 事件的传递与响应链Tests */,
				9AA3FF1425F65D7C0016ABF2 /* 事件的传递与响应链UITests */,
			);
		};
/* End PBXProject section */

/* Begin PBXResourcesBuildPhase section */
		9AA3FEED25F65D790016ABF2 /* Resources */ = {
			isa = PBXResourcesBuildPhase;
			buildActionMask = 2147483647;
			files = (
				9AA3FF0225F65D7B0016ABF2 /* LaunchScreen.storyboard in Resources */,
				9AA3FEFF25F65D7B0016ABF2 /* Assets.xcassets in Resources */,
				9AA3FEFD25F65D790016ABF2 /* Main.storyboard in Resources */,
			);
			runOnlyForDeploymentPostprocessing = 0;
		};
		9AA3FF0825F65D7C0016ABF2 /* Resources */ = {
			isa = PBXResourcesBuildPhase;
			buildActionMask = 2147483647;
			files = (
			);
			runOnlyForDeploymentPostprocessing = 0;
		};
		9AA3FF1325F65D7C0016ABF2 /* Resources */ = {
			isa = PBXResourcesBuildPhase;
			buildActionMask = 2147483647;
			files = (
			);
			runOnlyForDeploymentPostprocessing = 0;
		};
/* End PBXResourcesBuildPhase section */

/* Begin PBXSourcesBuildPhase section */
		9AA3FEEB25F65D790016ABF2 /* Sources */ = {
			isa = PBXSourcesBuildPhase;
			buildActionMask = 2147483647;
			files = (
				9AA3FEFA25F65D790016ABF2 /* ViewController.m in Sources */,
				9AA3FEF425F65D790016ABF2 /* AppDelegate.m in Sources */,
				9AA3FF0525F65D7B0016ABF2 /* main.m in Sources */,
				9AA3FEF725F65D790016ABF2 /* SceneDelegate.m in Sources */,
			);
			runOnlyForDeploymentPostprocessing = 0;
		};
		9AA3FF0625F65D7C0016ABF2 /* Sources */ = {
			isa = PBXSourcesBuildPhase;
			buildActionMask = 2147483647;
			files = (
				9AA3FF0F25F65D7C0016ABF2 /* _________Tests.m in Sources */,
			);
			runOnlyForDeploymentPostprocessing = 0;
		};
		9AA3FF1125F65D7C0016ABF2 /* Sources */ = {
			isa = PBXSourcesBuildPhase;
			buildActionMask = 2147483647;
			files = (
				9AA3FF1A25F65D7C0016ABF2 /* _________UITests.m in Sources */,
			);
			runOnlyForDeploymentPostprocessing = 0;
		};
/* End PBXSourcesBuildPhase section */

/* Begin PBXTargetDependency section */
		9AA3FF0C25F65D7C0016ABF2 /* PBXTargetDependency */ = {
			isa = PBXTargetDependency;
			target = 9AA3FEEE25F65D790016ABF2 /* 事件的传递与响应链 */;
			targetProxy = 9AA3FF0B25F65D7C0016ABF2 /* PBXContainerItemProxy */;
		};
		9AA3FF1725F65D7C0016ABF2 /* PBXTargetDependency */ = {
			isa = PBXTargetDependency;
			target = 9AA3FEEE25F65D790016ABF2 /* 事件的传递与响应链 */;
			targetProxy = 9AA3FF1625F65D7C0016ABF2 /* PBXContainerItemProxy */;
		};
/* End PBXTargetDependency section */

/* Begin PBXVariantGroup section */
		9AA3FEFB25F65D790016ABF2 /* Main.storyboard */ = {
			isa = PBXVariantGroup;
			children = (
				9AA3FEFC25F65D790016ABF2 /* Base */,
			);
			name = Main.storyboard;
			sourceTree = "<group>";
		};
		9AA3FF0025F65D7B0016ABF2 /* LaunchScreen.storyboard */ = {
			isa = PBXVariantGroup;
			children = (
				9AA3FF0125F65D7B0016ABF2 /* Base */,
			);
			name = LaunchScreen.storyboard;
			sourceTree = "<group>";
		};
/* End PBXVariantGroup section */

/* Begin XCBuildConfiguration section */
		9AA3FF1C25F65D7C0016ABF2 /* Debug */ = {
			isa = XCBuildConfiguration;
			buildSettings = {
				ALWAYS_SEARCH_USER_PATHS = NO;
				CLANG_ANALYZER_NONNULL = YES;
				CLANG_ANALYZER_NUMBER_OBJECT_CONVERSION = YES_AGGRESSIVE;
				CLANG_CXX_LANGUAGE_STANDARD = "gnu++14";
				CLANG_CXX_LIBRARY = "libc++";
				CLANG_ENABLE_MODULES = YES;
				CLANG_ENABLE_OBJC_ARC = YES;
				CLANG_ENABLE_OBJC_WEAK = YES;
				CLANG_WARN_BLOCK_CAPTURE_AUTORELEASING = YES;
				CLANG_WARN_BOOL_CONVERSION = YES;
				CLANG_WARN_COMMA = YES;
				CLANG_WARN_CONSTANT_CONVERSION = YES;
				CLANG_WARN_DEPRECATED_OBJC_IMPLEMENTATIONS = YES;
				CLANG_WARN_DIRECT_OBJC_ISA_USAGE = YES_ERROR;
				CLANG_WARN_DOCUMENTATION_COMMENTS = YES;
				CLANG_WARN_EMPTY_BODY = YES;
				CLANG_WARN_ENUM_CONVERSION = YES;
				CLANG_WARN_INFINITE_RECURSION = YES;
				CLANG_WARN_INT_CONVERSION = YES;
				CLANG_WARN_NON_LITERAL_NULL_CONVERSION = YES;
				CLANG_WARN_OBJC_IMPLICIT_RETAIN_SELF = YES;
				CLANG_WARN_OBJC_LITERAL_CONVERSION = YES;
				CLANG_WARN_OBJC_ROOT_CLASS = YES_ERROR;
				CLANG_WARN_QUOTED_INCLUDE_IN_FRAMEWORK_HEADER = YES;
				CLANG_WARN_RANGE_LOOP_ANALYSIS = YES;
				CLANG_WARN_STRICT_PROTOTYPES = YES;
				CLANG_WARN_SUSPICIOUS_MOVE = YES;
				CLANG_WARN_UNGUARDED_AVAILABILITY = YES_AGGRESSIVE;
				CLANG_WARN_UNREACHABLE_CODE = YES;
				CLANG_WARN__DUPLICATE_METHOD_MATCH = YES;
				COPY_PHASE_STRIP = NO;
				DEBUG_INFORMATION_FORMAT = dwarf;
				ENABLE_STRICT_OBJC_MSGSEND = YES;
				ENABLE_TESTABILITY = YES;
				GCC_C_LANGUAGE_STANDARD = gnu11;
				GCC_DYNAMIC_NO_PIC = NO;
				GCC_NO_COMMON_BLOCKS = YES;
				GCC_OPTIMIZATION_LEVEL = 0;
				GCC_PREPROCESSOR_DEFINITIONS = (
					"DEBUG=1",
					"$(inherited)",
				);
				GCC_WARN_64_TO_32_BIT_CONVERSION = YES;
				GCC_WARN_ABOUT_RETURN_TYPE = YES_ERROR;
				GCC_WARN_UNDECLARED_SELECTOR = YES;
				GCC_WARN_UNINITIALIZED_AUTOS = YES_AGGRESSIVE;
				GCC_WARN_UNUSED_FUNCTION = YES;
				GCC_WARN_UNUSED_VARIABLE = YES;
				IPHONEOS_DEPLOYMENT_TARGET = 14.0;
				MTL_ENABLE_DEBUG_INFO = INCLUDE_SOURCE;
				MTL_FAST_MATH = YES;
				ONLY_ACTIVE_ARCH = YES;
				SDKROOT = iphoneos;
			};
			name = Debug;
		};
		9AA3FF1D25F65D7C0016ABF2 /* Release */ = {
			isa = XCBuildConfiguration;
			buildSettings = {
				ALWAYS_SEARCH_USER_PATHS = NO;
				CLANG_ANALYZER_NONNULL = YES;
				CLANG_ANALYZER_NUMBER_OBJECT_CONVERSION = YES_AGGRESSIVE;
				CLANG_CXX_LANGUAGE_STANDARD = "gnu++14";
				CLANG_CXX_LIBRARY = "libc++";
				CLANG_ENABLE_MODULES = YES;
				CLANG_ENABLE_OBJC_ARC = YES;
				CLANG_ENABLE_OBJC_WEAK = YES;
				CLANG_WARN_BLOCK_CAPTURE_AUTORELEASING = YES;
				CLANG_WARN_BOOL_CONVERSION = YES;
				CLANG_WARN_COMMA = YES;
				CLANG_WARN_CONSTANT_CONVERSION = YES;
				CLANG_WARN_DEPRECATED_OBJC_IMPLEMENTATIONS = YES;
				CLANG_WARN_DIRECT_OBJC_ISA_USAGE = YES_ERROR;
				CLANG_WARN_DOCUMENTATION_COMMENTS = YES;
				CLANG_WARN_EMPTY_BODY = YES;
				CLANG_WARN_ENUM_CONVERSION = YES;
				CLANG_WARN_INFINITE_RECURSION = YES;
				CLANG_WARN_INT_CONVERSION = YES;
				CLANG_WARN_NON_LITERAL_NULL_CONVERSION = YES;
				CLANG_WARN_OBJC_IMPLICIT_RETAIN_SELF = YES;
				CLANG_WARN_OBJC_LITERAL_CONVERSION = YES;
				CLANG_WARN_OBJC_ROOT_CLASS = YES_ERROR;
				CLANG_WARN_QUOTED_INCLUDE_IN_FRAMEWORK_HEADER = YES;
				CLANG_WARN_RANGE_LOOP_ANALYSIS = YES;
				CLANG_WARN_STRICT_PROTOTYPES = YES;
				CLANG_WARN_SUSPICIOUS_MOVE = YES;
				CLANG_WARN_UNGUARDED_AVAILABILITY = YES_AGGRESSIVE;
				CLANG_WARN_UNREACHABLE_CODE = YES;
				CLANG_WARN__DUPLICATE_METHOD_MATCH = YES;
				COPY_PHASE_STRIP = NO;
				DEBUG_INFORMATION_FORMAT = "dwarf-with-dsym";
				ENABLE_NS_ASSERTIONS = NO;
				ENABLE_STRICT_OBJC_MSGSEND = YES;
				GCC_C_LANGUAGE_STANDARD = gnu11;
				GCC_NO_COMMON_BLOCKS = YES;
				GCC_WARN_64_TO_32_BIT_CONVERSION = YES;
				GCC_WARN_ABOUT_RETURN_TYPE = YES_ERROR;
				GCC_WARN_UNDECLARED_SELECTOR = YES;
				GCC_WARN_UNINITIALIZED_AUTOS = YES_AGGRESSIVE;
				GCC_WARN_UNUSED_FUNCTION = YES;
				GCC_WARN_UNUSED_VARIABLE = YES;
				IPHONEOS_DEPLOYMENT_TARGET = 14.0;
				MTL_ENABLE_DEBUG_INFO = NO;
				MTL_FAST_MATH = YES;
				SDKROOT = iphoneos;
				VALIDATE_PRODUCT = YES;
			};
			name = Release;
		};
		9AA3FF1F25F65D7C0016ABF2 /* Debug */ = {
			isa = XCBuildConfiguration;
			buildSettings = {
				ASSETCATALOG_COMPILER_APPICON_NAME = AppIcon;
				ASSETCATALOG_COMPILER_GLOBAL_ACCENT_COLOR_NAME = AccentColor;
				CODE_SIGN_STYLE = Automatic;
				INFOPLIST_FILE = "事件的传递与响应链/Info.plist";
				LD_RUNPATH_SEARCH_PATHS = (
					"$(inherited)",
					"@executable_path/Frameworks",
				);
				PRODUCT_BUNDLE_IDENTIFIER = "com.lcj.---------";
				PRODUCT_NAME = "$(TARGET_NAME)";
				TARGETED_DEVICE_FAMILY = "1,2";
			};
			name = Debug;
		};
		9AA3FF2025F65D7C0016ABF2 /* Release */ = {
			isa = XCBuildConfiguration;
			buildSettings = {
				ASSETCATALOG_COMPILER_APPICON_NAME = AppIcon;
				ASSETCATALOG_COMPILER_GLOBAL_ACCENT_COLOR_NAME = AccentColor;
				CODE_SIGN_STYLE = Automatic;
				INFOPLIST_FILE = "事件的传递与响应链/Info.plist";
				LD_RUNPATH_SEARCH_PATHS = (
					"$(inherited)",
					"@executable_path/Frameworks",
				);
				PRODUCT_BUNDLE_IDENTIFIER = "com.lcj.---------";
				PRODUCT_NAME = "$(TARGET_NAME)";
				TARGETED_DEVICE_FAMILY = "1,2";
			};
			name = Release;
		};
		9AA3FF2225F65D7C0016ABF2 /* Debug */ = {
			isa = XCBuildConfiguration;
			buildSettings = {
				BUNDLE_LOADER = "$(TEST_HOST)";
				CODE_SIGN_STYLE = Automatic;
				INFOPLIST_FILE = "事件的传递与响应链Tests/Info.plist";
				IPHONEOS_DEPLOYMENT_TARGET = 14.0;
				LD_RUNPATH_SEARCH_PATHS = (
					"$(inherited)",
					"@executable_path/Frameworks",
					"@loader_path/Frameworks",
				);
				PRODUCT_BUNDLE_IDENTIFIER = "com.lcj.---------Tests";
				PRODUCT_NAME = "$(TARGET_NAME)";
				TARGETED_DEVICE_FAMILY = "1,2";
				TEST_HOST = "$(BUILT_PRODUCTS_DIR)/事件的传递与响应链.app/事件的传递与响应链";
			};
			name = Debug;
		};
		9AA3FF2325F65D7C0016ABF2 /* Release */ = {
			isa = XCBuildConfiguration;
			buildSettings = {
				BUNDLE_LOADER = "$(TEST_HOST)";
				CODE_SIGN_STYLE = Automatic;
				INFOPLIST_FILE = "事件的传递与响应链Tests/Info.plist";
				IPHONEOS_DEPLOYMENT_TARGET = 14.0;
				LD_RUNPATH_SEARCH_PATHS = (
					"$(inherited)",
					"@executable_path/Frameworks",
					"@loader_path/Frameworks",
				);
				PRODUCT_BUNDLE_IDENTIFIER = "com.lcj.---------Tests";
				PRODUCT_NAME = "$(TARGET_NAME)";
				TARGETED_DEVICE_FAMILY = "1,2";
				TEST_HOST = "$(BUILT_PRODUCTS_DIR)/事件的传递与响应链.app/事件的传递与响应链";
			};
			name = Release;
		};
		9AA3FF2525F65D7C0016ABF2 /* Debug */ = {
			isa = XCBuildConfiguration;
			buildSettings = {
				CODE_SIGN_STYLE = Automatic;
				INFOPLIST_FILE = "事件的传递与响应链UITests/Info.plist";
				LD_RUNPATH_SEARCH_PATHS = (
					"$(inherited)",
					"@executable_path/Frameworks",
					"@loader_path/Frameworks",
				);
				PRODUCT_BUNDLE_IDENTIFIER = "com.lcj.---------UITests";
				PRODUCT_NAME = "$(TARGET_NAME)";
				TARGETED_DEVICE_FAMILY = "1,2";
				TEST_TARGET_NAME = "事件的传递与响应链";
			};
			name = Debug;
		};
		9AA3FF2625F65D7C0016ABF2 /* Release */ = {
			isa = XCBuildConfiguration;
			buildSettings = {
				CODE_SIGN_STYLE = Automatic;
				INFOPLIST_FILE = "事件的传递与响应链UITests/Info.plist";
				LD_RUNPATH_SEARCH_PATHS = (
					"$(inherited)",
					"@executable_path/Frameworks",
					"@loader_path/Frameworks",
				);
				PRODUCT_BUNDLE_IDENTIFIER = "com.lcj.---------UITests";
				PRODUCT_NAME = "$(TARGET_NAME)";
				TARGETED_DEVICE_FAMILY = "1,2";
				TEST_TARGET_NAME = "事件的传递与响应链";
			};
			name = Release;
		};
/* End XCBuildConfiguration section */

/* Begin XCConfigurationList section */
		9AA3FEEA25F65D790016ABF2 /* Build configuration list for PBXProject "事件的传递与响应链" */ = {
			isa = XCConfigurationList;
			buildConfigurations = (
				9AA3FF1C25F65D7C0016ABF2 /* Debug */,
				9AA3FF1D25F65D7C0016ABF2 /* Release */,
			);
			defaultConfigurationIsVisible = 0;
			defaultConfigurationName = Release;
		};
		9AA3FF1E25F65D7C0016ABF2 /* Build configuration list for PBXNativeTarget "事件的传递与响应链" */ = {
			isa = XCConfigurationList;
			buildConfigurations = (
				9AA3FF1F25F65D7C0016ABF2 /* Debug */,
				9AA3FF2025F65D7C0016ABF2 /* Release */,
			);
			defaultConfigurationIsVisible = 0;
			defaultConfigurationName = Release;
		};
		9AA3FF2125F65D7C0016ABF2 /* Build configuration list for PBXNativeTarget "事件的传递与响应链Tests" */ = {
			isa = XCConfigurationList;
			buildConfigurations = (
				9AA3FF2225F65D7C0016ABF2 /* Debug */,
				9AA3FF2325F65D7C0016ABF2 /* Release */,
			);
			defaultConfigurationIsVisible = 0;
			defaultConfigurationName = Release;
		};
		9AA3FF2425F65D7C0016ABF2 /* Build configuration list for PBXNativeTarget "事件的传递与响应链UITests" */ = {
			isa = XCConfigurationList;
			buildConfigurations = (
				9AA3FF2525F65D7C0016ABF2 /* Debug */,
				9AA3FF2625F65D7C0016ABF2 /* Release */,
			);
			defaultConfigurationIsVisible = 0;
			defaultConfigurationName = Release;
		};
/* End XCConfigurationList section */
	};
	rootObject = 9AA3FEE725F65D790016ABF2 /* Project object */;
}
