// !$*UTF8*$!
{
	archiveVersion = 1;
	classes = {
	};
	objectVersion = 50;
	objects = {

/* Begin PBXBuildFile section */
		1B5B09044C20A4D307B41D52 /* libPods-knowledge.a in Frameworks */ = {isa = PBXBuildFile; fileRef = D763DC22825043E693B1D6B5 /* libPods-knowledge.a */; };
		9A4D5EB625F8635F00A44F7A /* SwiftyJSONUsage.swift in Sources */ = {isa = PBXBuildFile; fileRef = 9A4D5EB525F8635F00A44F7A /* SwiftyJSONUsage.swift */; };
		9A9211D325F75915004EC976 /* AppDelegate.m in Sources */ = {isa = PBXBuildFile; fileRef = 9A9211D225F75915004EC976 /* AppDelegate.m */; };
		9A9211D625F75915004EC976 /* SceneDelegate.m in Sources */ = {isa = PBXBuildFile; fileRef = 9A9211D525F75915004EC976 /* SceneDelegate.m */; };
		9A9211D925F75915004EC976 /* ViewController.m in Sources */ = {isa = PBXBuildFile; fileRef = 9A9211D825F75915004EC976 /* ViewController.m */; };
		9A9211DC25F75915004EC976 /* Main.storyboard in Resources */ = {isa = PBXBuildFile; fileRef = 9A9211DA25F75915004EC976 /* Main.storyboard */; };
		9A9211DF25F75915004EC976 /* knowledge.xcdatamodeld in Sources */ = {isa = PBXBuildFile; fileRef = 9A9211DD25F75915004EC976 /* knowledge.xcdatamodeld */; };
		9A9211E125F75917004EC976 /* Assets.xcassets in Resources */ = {isa = PBXBuildFile; fileRef = 9A9211E025F75917004EC976 /* Assets.xcassets */; };
		9A9211E425F75917004EC976 /* LaunchScreen.storyboard in Resources */ = {isa = PBXBuildFile; fileRef = 9A9211E225F75917004EC976 /* LaunchScreen.storyboard */; };
		9A9211E725F75917004EC976 /* main.m in Sources */ = {isa = PBXBuildFile; fileRef = 9A9211E625F75917004EC976 /* main.m */; };
		9A9211F125F75918004EC976 /* knowledgeTests.m in Sources */ = {isa = PBXBuildFile; fileRef = 9A9211F025F75918004EC976 /* knowledgeTests.m */; };
		9A9211FC25F75918004EC976 /* knowledgeUITests.m in Sources */ = {isa = PBXBuildFile; fileRef = 9A9211FB25F75918004EC976 /* knowledgeUITests.m */; };
		9A92121025F7596F004EC976 /* EventTestView.m in Sources */ = {isa = PBXBuildFile; fileRef = 9A92120F25F7596F004EC976 /* EventTestView.m */; };
		9A92121A25F75C25004EC976 /* Person.m in Sources */ = {isa = PBXBuildFile; fileRef = 9A92121925F75C25004EC976 /* Person.m */; };
		9A92122125F75C46004EC976 /* Animal.m in Sources */ = {isa = PBXBuildFile; fileRef = 9A92122025F75C46004EC976 /* Animal.m */; };
/* End PBXBuildFile section */

/* Begin PBXContainerItemProxy section */
		9A9211ED25F75918004EC976 /* PBXContainerItemProxy */ = {
			isa = PBXContainerItemProxy;
			containerPortal = 9A9211C625F75915004EC976 /* Project object */;
			proxyType = 1;
			remoteGlobalIDString = 9A9211CD25F75915004EC976;
			remoteInfo = knowledge;
		};
		9A9211F825F75918004EC976 /* PBXContainerItemProxy */ = {
			isa = PBXContainerItemProxy;
			containerPortal = 9A9211C625F75915004EC976 /* Project object */;
			proxyType = 1;
			remoteGlobalIDString = 9A9211CD25F75915004EC976;
			remoteInfo = knowledge;
		};
/* End PBXContainerItemProxy section */

/* Begin PBXFileReference section */
		004D48B4E25C5DD7650908CB /* Pods-knowledge.release.xcconfig */ = {isa = PBXFileReference; includeInIndex = 1; lastKnownFileType = text.xcconfig; name = "Pods-knowledge.release.xcconfig"; path = "Target Support Files/Pods-knowledge/Pods-knowledge.release.xcconfig"; sourceTree = "<group>"; };
		726C730CC52519FA87CD4D32 /* Pods-knowledge.debug.xcconfig */ = {isa = PBXFileReference; includeInIndex = 1; lastKnownFileType = text.xcconfig; name = "Pods-knowledge.debug.xcconfig"; path = "Target Support Files/Pods-knowledge/Pods-knowledge.debug.xcconfig"; sourceTree = "<group>"; };
		9A4D5EB425F8635F00A44F7A /* knowledge-Bridging-Header.h */ = {isa = PBXFileReference; lastKnownFileType = sourcecode.c.h; path = "knowledge-Bridging-Header.h"; sourceTree = "<group>"; };
		9A4D5EB525F8635F00A44F7A /* SwiftyJSONUsage.swift */ = {isa = PBXFileReference; lastKnownFileType = sourcecode.swift; path = SwiftyJSONUsage.swift; sourceTree = "<group>"; };
		9A9211CE25F75915004EC976 /* knowledge.app */ = {isa = PBXFileReference; explicitFileType = wrapper.application; includeInIndex = 0; path = knowledge.app; sourceTree = BUILT_PRODUCTS_DIR; };
		9A9211D125F75915004EC976 /* AppDelegate.h */ = {isa = PBXFileReference; lastKnownFileType = sourcecode.c.h; path = AppDelegate.h; sourceTree = "<group>"; };
		9A9211D225F75915004EC976 /* AppDelegate.m */ = {isa = PBXFileReference; lastKnownFileType = sourcecode.c.objc; path = AppDelegate.m; sourceTree = "<group>"; };
		9A9211D425F75915004EC976 /* SceneDelegate.h */ = {isa = PBXFileReference; lastKnownFileType = sourcecode.c.h; path = SceneDelegate.h; sourceTree = "<group>"; };
		9A9211D525F75915004EC976 /* SceneDelegate.m */ = {isa = PBXFileReference; lastKnownFileType = sourcecode.c.objc; path = SceneDelegate.m; sourceTree = "<group>"; };
		9A9211D725F75915004EC976 /* ViewController.h */ = {isa = PBXFileReference; lastKnownFileType = sourcecode.c.h; path = ViewController.h; sourceTree = "<group>"; };
		9A9211D825F75915004EC976 /* ViewController.m */ = {isa = PBXFileReference; lastKnownFileType = sourcecode.c.objc; path = ViewController.m; sourceTree = "<group>"; };
		9A9211DB25F75915004EC976 /* Base */ = {isa = PBXFileReference; lastKnownFileType = file.storyboard; name = Base; path = Base.lproj/Main.storyboard; sourceTree = "<group>"; };
		9A9211DE25F75915004EC976 /* knowledge.xcdatamodel */ = {isa = PBXFileReference; lastKnownFileType = wrapper.xcdatamodel; path = knowledge.xcdatamodel; sourceTree = "<group>"; };
		9A9211E025F75917004EC976 /* Assets.xcassets */ = {isa = PBXFileReference; lastKnownFileType = folder.assetcatalog; path = Assets.xcassets; sourceTree = "<group>"; };
		9A9211E325F75917004EC976 /* Base */ = {isa = PBXFileReference; lastKnownFileType = file.storyboard; name = Base; path = Base.lproj/LaunchScreen.storyboard; sourceTree = "<group>"; };
		9A9211E525F75917004EC976 /* Info.plist */ = {isa = PBXFileReference; lastKnownFileType = text.plist.xml; path = Info.plist; sourceTree = "<group>"; };
		9A9211E625F75917004EC976 /* main.m */ = {isa = PBXFileReference; lastKnownFileType = sourcecode.c.objc; path = main.m; sourceTree = "<group>"; };
		9A9211EC25F75918004EC976 /* knowledgeTests.xctest */ = {isa = PBXFileReference; explicitFileType = wrapper.cfbundle; includeInIndex = 0; path = knowledgeTests.xctest; sourceTree = BUILT_PRODUCTS_DIR; };
		9A9211F025F75918004EC976 /* knowledgeTests.m */ = {isa = PBXFileReference; lastKnownFileType = sourcecode.c.objc; path = knowledgeTests.m; sourceTree = "<group>"; };
		9A9211F225F75918004EC976 /* Info.plist */ = {isa = PBXFileReference; lastKnownFileType = text.plist.xml; path = Info.plist; sourceTree = "<group>"; };
		9A9211F725F75918004EC976 /* knowledgeUITests.xctest */ = {isa = PBXFileReference; explicitFileType = wrapper.cfbundle; includeInIndex = 0; path = knowledgeUITests.xctest; sourceTree = BUILT_PRODUCTS_DIR; };
		9A9211FB25F75918004EC976 /* knowledgeUITests.m */ = {isa = PBXFileReference; lastKnownFileType = sourcecode.c.objc; path = knowledgeUITests.m; sourceTree = "<group>"; };
		9A9211FD25F75918004EC976 /* Info.plist */ = {isa = PBXFileReference; lastKnownFileType = text.plist.xml; path = Info.plist; sourceTree = "<group>"; };
		9A92120E25F7596F004EC976 /* EventTestView.h */ = {isa = PBXFileReference; lastKnownFileType = sourcecode.c.h; path = EventTestView.h; sourceTree = "<group>"; };
		9A92120F25F7596F004EC976 /* EventTestView.m */ = {isa = PBXFileReference; lastKnownFileType = sourcecode.c.objc; path = EventTestView.m; sourceTree = "<group>"; };
		9A92121825F75C25004EC976 /* Person.h */ = {isa = PBXFileReference; lastKnownFileType = sourcecode.c.h; path = Person.h; sourceTree = "<group>"; };
		9A92121925F75C25004EC976 /* Person.m */ = {isa = PBXFileReference; lastKnownFileType = sourcecode.c.objc; path = Person.m; sourceTree = "<group>"; };
		9A92121F25F75C46004EC976 /* Animal.h */ = {isa = PBXFileReference; lastKnownFileType = sourcecode.c.h; path = Animal.h; sourceTree = "<group>"; };
		9A92122025F75C46004EC976 /* Animal.m */ = {isa = PBXFileReference; lastKnownFileType = sourcecode.c.objc; path = Animal.m; sourceTree = "<group>"; };
		D763DC22825043E693B1D6B5 /* libPods-knowledge.a */ = {isa = PBXFileReference; explicitFileType = archive.ar; includeInIndex = 0; path = "libPods-knowledge.a"; sourceTree = BUILT_PRODUCTS_DIR; };
/* End PBXFileReference section */

/* Begin PBXFrameworksBuildPhase section */
		9A9211CB25F75915004EC976 /* Frameworks */ = {
			isa = PBXFrameworksBuildPhase;
			buildActionMask = 2147483647;
			files = (
				1B5B09044C20A4D307B41D52 /* libPods-knowledge.a in Frameworks */,
			);
			runOnlyForDeploymentPostprocessing = 0;
		};
		9A9211E925F75918004EC976 /* Frameworks */ = {
			isa = PBXFrameworksBuildPhase;
			buildActionMask = 2147483647;
			files = (
			);
			runOnlyForDeploymentPostprocessing = 0;
		};
		9A9211F425F75918004EC976 /* Frameworks */ = {
			isa = PBXFrameworksBuildPhase;
			buildActionMask = 2147483647;
			files = (
			);
			runOnlyForDeploymentPostprocessing = 0;
		};
/* End PBXFrameworksBuildPhase section */

/* Begin PBXGroup section */
		4ED59B3A05151853C6F00692 /* Frameworks */ = {
			isa = PBXGroup;
			children = (
				D763DC22825043E693B1D6B5 /* libPods-knowledge.a */,
			);
			name = Frameworks;
			sourceTree = "<group>";
		};
		9A9211C525F75915004EC976 = {
			isa = PBXGroup;
			children = (
				9A9211D025F75915004EC976 /* knowledge */,
				9A9211EF25F75918004EC976 /* knowledgeTests */,
				9A9211FA25F75918004EC976 /* knowledgeUITests */,
				9A9211CF25F75915004EC976 /* Products */,
				B12DBA0C596F61D3F71BE56A /* Pods */,
				4ED59B3A05151853C6F00692 /* Frameworks */,
			);
			sourceTree = "<group>";
		};
		9A9211CF25F75915004EC976 /* Products */ = {
			isa = PBXGroup;
			children = (
				9A9211CE25F75915004EC976 /* knowledge.app */,
				9A9211EC25F75918004EC976 /* knowledgeTests.xctest */,
				9A9211F725F75918004EC976 /* knowledgeUITests.xctest */,
			);
			name = Products;
			sourceTree = "<group>";
		};
		9A9211D025F75915004EC976 /* knowledge */ = {
			isa = PBXGroup;
			children = (
				9A92121725F75C17004EC976 /* KVO */,
				9A92120C25F75927004EC976 /* 事件的传递与响应链 */,
				9A9211D125F75915004EC976 /* AppDelegate.h */,
				9A9211D225F75915004EC976 /* AppDelegate.m */,
				9A9211D425F75915004EC976 /* SceneDelegate.h */,
				9A9211D525F75915004EC976 /* SceneDelegate.m */,
				9A9211D725F75915004EC976 /* ViewController.h */,
				9A9211D825F75915004EC976 /* ViewController.m */,
				9A4D5EB525F8635F00A44F7A /* SwiftyJSONUsage.swift */,
				9A9211DA25F75915004EC976 /* Main.storyboard */,
				9A9211E025F75917004EC976 /* Assets.xcassets */,
				9A9211E225F75917004EC976 /* LaunchScreen.storyboard */,
				9A9211E525F75917004EC976 /* Info.plist */,
				9A9211E625F75917004EC976 /* main.m */,
				9A9211DD25F75915004EC976 /* knowledge.xcdatamodeld */,
				9A4D5EB425F8635F00A44F7A /* knowledge-Bridging-Header.h */,
			);
			path = knowledge;
			sourceTree = "<group>";
		};
		9A9211EF25F75918004EC976 /* knowledgeTests */ = {
			isa = PBXGroup;
			children = (
				9A9211F025F75918004EC976 /* knowledgeTests.m */,
				9A9211F225F75918004EC976 /* Info.plist */,
			);
			path = knowledgeTests;
			sourceTree = "<group>";
		};
		9A9211FA25F75918004EC976 /* knowledgeUITests */ = {
			isa = PBXGroup;
			children = (
				9A9211FB25F75918004EC976 /* knowledgeUITests.m */,
				9A9211FD25F75918004EC976 /* Info.plist */,
			);
			path = knowledgeUITests;
			sourceTree = "<group>";
		};
		9A92120C25F75927004EC976 /* 事件的传递与响应链 */ = {
			isa = PBXGroup;
			children = (
				9A92120E25F7596F004EC976 /* EventTestView.h */,
				9A92120F25F7596F004EC976 /* EventTestView.m */,
			);
			path = "事件的传递与响应链";
			sourceTree = "<group>";
		};
		9A92121725F75C17004EC976 /* KVO */ = {
			isa = PBXGroup;
			children = (
				9A92121825F75C25004EC976 /* Person.h */,
				9A92121925F75C25004EC976 /* Person.m */,
				9A92121F25F75C46004EC976 /* Animal.h */,
				9A92122025F75C46004EC976 /* Animal.m */,
			);
			path = KVO;
			sourceTree = "<group>";
		};
		B12DBA0C596F61D3F71BE56A /* Pods */ = {
			isa = PBXGroup;
			children = (
				726C730CC52519FA87CD4D32 /* Pods-knowledge.debug.xcconfig */,
				004D48B4E25C5DD7650908CB /* Pods-knowledge.release.xcconfig */,
			);
			name = Pods;
			path = ../Pods;
			sourceTree = "<group>";
		};
/* End PBXGroup section */

/* Begin PBXNativeTarget section */
		9A9211CD25F75915004EC976 /* knowledge */ = {
			isa = PBXNativeTarget;
			buildConfigurationList = 9A92120025F75918004EC976 /* Build configuration list for PBXNativeTarget "knowledge" */;
			buildPhases = (
				2640C022A3BD75132AC232BF /* [CP] Check Pods Manifest.lock */,
				9A9211CA25F75915004EC976 /* Sources */,
				9A9211CB25F75915004EC976 /* Frameworks */,
				9A9211CC25F75915004EC976 /* Resources */,
			);
			buildRules = (
			);
			dependencies = (
			);
			name = knowledge;
			productName = knowledge;
			productReference = 9A9211CE25F75915004EC976 /* knowledge.app */;
			productType = "com.apple.product-type.application";
		};
		9A9211EB25F75918004EC976 /* knowledgeTests */ = {
			isa = PBXNativeTarget;
			buildConfigurationList = 9A92120325F75918004EC976 /* Build configuration list for PBXNativeTarget "knowledgeTests" */;
			buildPhases = (
				9A9211E825F75918004EC976 /* Sources */,
				9A9211E925F75918004EC976 /* Frameworks */,
				9A9211EA25F75918004EC976 /* Resources */,
			);
			buildRules = (
			);
			dependencies = (
				9A9211EE25F75918004EC976 /* PBXTargetDependency */,
			);
			name = knowledgeTests;
			productName = knowledgeTests;
			productReference = 9A9211EC25F75918004EC976 /* knowledgeTests.xctest */;
			productType = "com.apple.product-type.bundle.unit-test";
		};
		9A9211F625F75918004EC976 /* knowledgeUITests */ = {
			isa = PBXNativeTarget;
			buildConfigurationList = 9A92120625F75918004EC976 /* Build configuration list for PBXNativeTarget "knowledgeUITests" */;
			buildPhases = (
				9A9211F325F75918004EC976 /* Sources */,
				9A9211F425F75918004EC976 /* Frameworks */,
				9A9211F525F75918004EC976 /* Resources */,
			);
			buildRules = (
			);
			dependencies = (
				9A9211F925F75918004EC976 /* PBXTargetDependency */,
			);
			name = knowledgeUITests;
			productName = knowledgeUITests;
			productReference = 9A9211F725F75918004EC976 /* knowledgeUITests.xctest */;
			productType = "com.apple.product-type.bundle.ui-testing";
		};
/* End PBXNativeTarget section */

/* Begin PBXProject section */
		9A9211C625F75915004EC976 /* Project object */ = {
			isa = PBXProject;
			attributes = {
				LastUpgradeCheck = 1240;
				TargetAttributes = {
					9A9211CD25F75915004EC976 = {
						CreatedOnToolsVersion = 12.4;
						LastSwiftMigration = 1240;
					};
					9A9211EB25F75918004EC976 = {
						CreatedOnToolsVersion = 12.4;
						TestTargetID = 9A9211CD25F75915004EC976;
					};
					9A9211F625F75918004EC976 = {
						CreatedOnToolsVersion = 12.4;
						TestTargetID = 9A9211CD25F75915004EC976;
					};
				};
			};
			buildConfigurationList = 9A9211C925F75915004EC976 /* Build configuration list for PBXProject "knowledge" */;
			compatibilityVersion = "Xcode 9.3";
			developmentRegion = en;
			hasScannedForEncodings = 0;
			knownRegions = (
				en,
				Base,
			);
			mainGroup = 9A9211C525F75915004EC976;
			productRefGroup = 9A9211CF25F75915004EC976 /* Products */;
			projectDirPath = "";
			projectRoot = "";
			targets = (
				9A9211CD25F75915004EC976 /* knowledge */,
				9A9211EB25F75918004EC976 /* knowledgeTests */,
				9A9211F625F75918004EC976 /* knowledgeUITests */,
			);
		};
/* End PBXProject section */

/* Begin PBXResourcesBuildPhase section */
		9A9211CC25F75915004EC976 /* Resources */ = {
			isa = PBXResourcesBuildPhase;
			buildActionMask = 2147483647;
			files = (
				9A9211E425F75917004EC976 /* LaunchScreen.storyboard in Resources */,
				9A9211E125F75917004EC976 /* Assets.xcassets in Resources */,
				9A9211DC25F75915004EC976 /* Main.storyboard in Resources */,
			);
			runOnlyForDeploymentPostprocessing = 0;
		};
		9A9211EA25F75918004EC976 /* Resources */ = {
			isa = PBXResourcesBuildPhase;
			buildActionMask = 2147483647;
			files = (
			);
			runOnlyForDeploymentPostprocessing = 0;
		};
		9A9211F525F75918004EC976 /* Resources */ = {
			isa = PBXResourcesBuildPhase;
			buildActionMask = 2147483647;
			files = (
			);
			runOnlyForDeploymentPostprocessing = 0;
		};
/* End PBXResourcesBuildPhase section */

/* Begin PBXShellScriptBuildPhase section */
		2640C022A3BD75132AC232BF /* [CP] Check Pods Manifest.lock */ = {
			isa = PBXShellScriptBuildPhase;
			buildActionMask = 2147483647;
			files = (
			);
			inputFileListPaths = (
			);
			inputPaths = (
				"${PODS_PODFILE_DIR_PATH}/Podfile.lock",
				"${PODS_ROOT}/Manifest.lock",
			);
			name = "[CP] Check Pods Manifest.lock";
			outputFileListPaths = (
			);
			outputPaths = (
				"$(DERIVED_FILE_DIR)/Pods-knowledge-checkManifestLockResult.txt",
			);
			runOnlyForDeploymentPostprocessing = 0;
			shellPath = /bin/sh;
			shellScript = "diff \"${PODS_PODFILE_DIR_PATH}/Podfile.lock\" \"${PODS_ROOT}/Manifest.lock\" > /dev/null\nif [ $? != 0 ] ; then\n    # print error to STDERR\n    echo \"error: The sandbox is not in sync with the Podfile.lock. Run 'pod install' or update your CocoaPods installation.\" >&2\n    exit 1\nfi\n# This output is used by Xcode 'outputs' to avoid re-running this script phase.\necho \"SUCCESS\" > \"${SCRIPT_OUTPUT_FILE_0}\"\n";
			showEnvVarsInLog = 0;
		};
/* End PBXShellScriptBuildPhase section */

/* Begin PBXSourcesBuildPhase section */
		9A9211CA25F75915004EC976 /* Sources */ = {
			isa = PBXSourcesBuildPhase;
			buildActionMask = 2147483647;
			files = (
				9A9211E725F75917004EC976 /* main.m in Sources */,
				9A4D5EB625F8635F00A44F7A /* SwiftyJSONUsage.swift in Sources */,
				9A9211D925F75915004EC976 /* ViewController.m in Sources */,
				9A92121A25F75C25004EC976 /* Person.m in Sources */,
				9A9211D325F75915004EC976 /* AppDelegate.m in Sources */,
				9A92121025F7596F004EC976 /* EventTestView.m in Sources */,
				9A92122125F75C46004EC976 /* Animal.m in Sources */,
				9A9211DF25F75915004EC976 /* knowledge.xcdatamodeld in Sources */,
				9A9211D625F75915004EC976 /* SceneDelegate.m in Sources */,
			);
			runOnlyForDeploymentPostprocessing = 0;
		};
		9A9211E825F75918004EC976 /* Sources */ = {
			isa = PBXSourcesBuildPhase;
			buildActionMask = 2147483647;
			files = (
				9A9211F125F75918004EC976 /* knowledgeTests.m in Sources */,
			);
			runOnlyForDeploymentPostprocessing = 0;
		};
		9A9211F325F75918004EC976 /* Sources */ = {
			isa = PBXSourcesBuildPhase;
			buildActionMask = 2147483647;
			files = (
				9A9211FC25F75918004EC976 /* knowledgeUITests.m in Sources */,
			);
			runOnlyForDeploymentPostprocessing = 0;
		};
/* End PBXSourcesBuildPhase section */

/* Begin PBXTargetDependency section */
		9A9211EE25F75918004EC976 /* PBXTargetDependency */ = {
			isa = PBXTargetDependency;
			target = 9A9211CD25F75915004EC976 /* knowledge */;
			targetProxy = 9A9211ED25F75918004EC976 /* PBXContainerItemProxy */;
		};
		9A9211F925F75918004EC976 /* PBXTargetDependency */ = {
			isa = PBXTargetDependency;
			target = 9A9211CD25F75915004EC976 /* knowledge */;
			targetProxy = 9A9211F825F75918004EC976 /* PBXContainerItemProxy */;
		};
/* End PBXTargetDependency section */

/* Begin PBXVariantGroup section */
		9A9211DA25F75915004EC976 /* Main.storyboard */ = {
			isa = PBXVariantGroup;
			children = (
				9A9211DB25F75915004EC976 /* Base */,
			);
			name = Main.storyboard;
			sourceTree = "<group>";
		};
		9A9211E225F75917004EC976 /* LaunchScreen.storyboard */ = {
			isa = PBXVariantGroup;
			children = (
				9A9211E325F75917004EC976 /* Base */,
			);
			name = LaunchScreen.storyboard;
			sourceTree = "<group>";
		};
/* End PBXVariantGroup section */

/* Begin XCBuildConfiguration section */
		9A9211FE25F75918004EC976 /* Debug */ = {
			isa = XCBuildConfiguration;
			buildSettings = {
				ALWAYS_SEARCH_USER_PATHS = NO;
				CLANG_ANALYZER_NONNULL = YES;
				CLANG_ANALYZER_NUMBER_OBJECT_CONVERSION = YES_AGGRESSIVE;
				CLANG_CXX_LANGUAGE_STANDARD = "gnu++14";
				CLANG_CXX_LIBRARY = "libc++";
				CLANG_ENABLE_MODULES = YES;
				CLANG_ENABLE_OBJC_ARC = YES;
				CLANG_ENABLE_OBJC_WEAK = YES;
				CLANG_WARN_BLOCK_CAPTURE_AUTORELEASING = YES;
				CLANG_WARN_BOOL_CONVERSION = YES;
				CLANG_WARN_COMMA = YES;
				CLANG_WARN_CONSTANT_CONVERSION = YES;
				CLANG_WARN_DEPRECATED_OBJC_IMPLEMENTATIONS = YES;
				CLANG_WARN_DIRECT_OBJC_ISA_USAGE = YES_ERROR;
				CLANG_WARN_DOCUMENTATION_COMMENTS = YES;
				CLANG_WARN_EMPTY_BODY = YES;
				CLANG_WARN_ENUM_CONVERSION = YES;
				CLANG_WARN_INFINITE_RECURSION = YES;
				CLANG_WARN_INT_CONVERSION = YES;
				CLANG_WARN_NON_LITERAL_NULL_CONVERSION = YES;
				CLANG_WARN_OBJC_IMPLICIT_RETAIN_SELF = YES;
				CLANG_WARN_OBJC_LITERAL_CONVERSION = YES;
				CLANG_WARN_OBJC_ROOT_CLASS = YES_ERROR;
				CLANG_WARN_QUOTED_INCLUDE_IN_FRAMEWORK_HEADER = YES;
				CLANG_WARN_RANGE_LOOP_ANALYSIS = YES;
				CLANG_WARN_STRICT_PROTOTYPES = YES;
				CLANG_WARN_SUSPICIOUS_MOVE = YES;
				CLANG_WARN_UNGUARDED_AVAILABILITY = YES_AGGRESSIVE;
				CLANG_WARN_UNREACHABLE_CODE = YES;
				CLANG_WARN__DUPLICATE_METHOD_MATCH = YES;
				COPY_PHASE_STRIP = NO;
				DEBUG_INFORMATION_FORMAT = dwarf;
				ENABLE_STRICT_OBJC_MSGSEND = YES;
				ENABLE_TESTABILITY = YES;
				GCC_C_LANGUAGE_STANDARD = gnu11;
				GCC_DYNAMIC_NO_PIC = NO;
				GCC_NO_COMMON_BLOCKS = YES;
				GCC_OPTIMIZATION_LEVEL = 0;
				GCC_PREPROCESSOR_DEFINITIONS = (
					"DEBUG=1",
					"$(inherited)",
				);
				GCC_WARN_64_TO_32_BIT_CONVERSION = YES;
				GCC_WARN_ABOUT_RETURN_TYPE = YES_ERROR;
				GCC_WARN_UNDECLARED_SELECTOR = YES;
				GCC_WARN_UNINITIALIZED_AUTOS = YES_AGGRESSIVE;
				GCC_WARN_UNUSED_FUNCTION = YES;
				GCC_WARN_UNUSED_VARIABLE = YES;
				IPHONEOS_DEPLOYMENT_TARGET = 14.4;
				MTL_ENABLE_DEBUG_INFO = INCLUDE_SOURCE;
				MTL_FAST_MATH = YES;
				ONLY_ACTIVE_ARCH = YES;
				SDKROOT = iphoneos;
			};
			name = Debug;
		};
		9A9211FF25F75918004EC976 /* Release */ = {
			isa = XCBuildConfiguration;
			buildSettings = {
				ALWAYS_SEARCH_USER_PATHS = NO;
				CLANG_ANALYZER_NONNULL = YES;
				CLANG_ANALYZER_NUMBER_OBJECT_CONVERSION = YES_AGGRESSIVE;
				CLANG_CXX_LANGUAGE_STANDARD = "gnu++14";
				CLANG_CXX_LIBRARY = "libc++";
				CLANG_ENABLE_MODULES = YES;
				CLANG_ENABLE_OBJC_ARC = YES;
				CLANG_ENABLE_OBJC_WEAK = YES;
				CLANG_WARN_BLOCK_CAPTURE_AUTORELEASING = YES;
				CLANG_WARN_BOOL_CONVERSION = YES;
				CLANG_WARN_COMMA = YES;
				CLANG_WARN_CONSTANT_CONVERSION = YES;
				CLANG_WARN_DEPRECATED_OBJC_IMPLEMENTATIONS = YES;
				CLANG_WARN_DIRECT_OBJC_ISA_USAGE = YES_ERROR;
				CLANG_WARN_DOCUMENTATION_COMMENTS = YES;
				CLANG_WARN_EMPTY_BODY = YES;
				CLANG_WARN_ENUM_CONVERSION = YES;
				CLANG_WARN_INFINITE_RECURSION = YES;
				CLANG_WARN_INT_CONVERSION = YES;
				CLANG_WARN_NON_LITERAL_NULL_CONVERSION = YES;
				CLANG_WARN_OBJC_IMPLICIT_RETAIN_SELF = YES;
				CLANG_WARN_OBJC_LITERAL_CONVERSION = YES;
				CLANG_WARN_OBJC_ROOT_CLASS = YES_ERROR;
				CLANG_WARN_QUOTED_INCLUDE_IN_FRAMEWORK_HEADER = YES;
				CLANG_WARN_RANGE_LOOP_ANALYSIS = YES;
				CLANG_WARN_STRICT_PROTOTYPES = YES;
				CLANG_WARN_SUSPICIOUS_MOVE = YES;
				CLANG_WARN_UNGUARDED_AVAILABILITY = YES_AGGRESSIVE;
				CLANG_WARN_UNREACHABLE_CODE = YES;
				CLANG_WARN__DUPLICATE_METHOD_MATCH = YES;
				COPY_PHASE_STRIP = NO;
				DEBUG_INFORMATION_FORMAT = "dwarf-with-dsym";
				ENABLE_NS_ASSERTIONS = NO;
				ENABLE_STRICT_OBJC_MSGSEND = YES;
				GCC_C_LANGUAGE_STANDARD = gnu11;
				GCC_NO_COMMON_BLOCKS = YES;
				GCC_WARN_64_TO_32_BIT_CONVERSION = YES;
				GCC_WARN_ABOUT_RETURN_TYPE = YES_ERROR;
				GCC_WARN_UNDECLARED_SELECTOR = YES;
				GCC_WARN_UNINITIALIZED_AUTOS = YES_AGGRESSIVE;
				GCC_WARN_UNUSED_FUNCTION = YES;
				GCC_WARN_UNUSED_VARIABLE = YES;
				IPHONEOS_DEPLOYMENT_TARGET = 14.4;
				MTL_ENABLE_DEBUG_INFO = NO;
				MTL_FAST_MATH = YES;
				SDKROOT = iphoneos;
				VALIDATE_PRODUCT = YES;
			};
			name = Release;
		};
		9A92120125F75918004EC976 /* Debug */ = {
			isa = XCBuildConfiguration;
			baseConfigurationReference = 726C730CC52519FA87CD4D32 /* Pods-knowledge.debug.xcconfig */;
			buildSettings = {
				ASSETCATALOG_COMPILER_APPICON_NAME = AppIcon;
				ASSETCATALOG_COMPILER_GLOBAL_ACCENT_COLOR_NAME = AccentColor;
				CLANG_ENABLE_MODULES = YES;
				CODE_SIGN_STYLE = Automatic;
				DEFINES_MODULE = YES;
				DEVELOPMENT_TEAM = 47ET4XNUCV;
				INFOPLIST_FILE = knowledge/Info.plist;
				LD_RUNPATH_SEARCH_PATHS = (
					"$(inherited)",
					"@executable_path/Frameworks",
				);
				PRODUCT_BUNDLE_IDENTIFIER = com.lichengjie.knowledge;
				PRODUCT_NAME = "$(TARGET_NAME)";
				SWIFT_OBJC_BRIDGING_HEADER = "knowledge/knowledge-Bridging-Header.h";
				SWIFT_OPTIMIZATION_LEVEL = "-Onone";
				SWIFT_VERSION = 5.0;
				TARGETED_DEVICE_FAMILY = "1,2";
			};
			name = Debug;
		};
		9A92120225F75918004EC976 /* Release */ = {
			isa = XCBuildConfiguration;
			baseConfigurationReference = 004D48B4E25C5DD7650908CB /* Pods-knowledge.release.xcconfig */;
			buildSettings = {
				ASSETCATALOG_COMPILER_APPICON_NAME = AppIcon;
				ASSETCATALOG_COMPILER_GLOBAL_ACCENT_COLOR_NAME = AccentColor;
				CLANG_ENABLE_MODULES = YES;
				CODE_SIGN_STYLE = Automatic;
				DEFINES_MODULE = YES;
				DEVELOPMENT_TEAM = 47ET4XNUCV;
				INFOPLIST_FILE = knowledge/Info.plist;
				LD_RUNPATH_SEARCH_PATHS = (
					"$(inherited)",
					"@executable_path/Frameworks",
				);
				PRODUCT_BUNDLE_IDENTIFIER = com.lichengjie.knowledge;
				PRODUCT_NAME = "$(TARGET_NAME)";
				SWIFT_OBJC_BRIDGING_HEADER = "knowledge/knowledge-Bridging-Header.h";
				SWIFT_VERSION = 5.0;
				TARGETED_DEVICE_FAMILY = "1,2";
			};
			name = Release;
		};
		9A92120425F75918004EC976 /* Debug */ = {
			isa = XCBuildConfiguration;
			buildSettings = {
				ALWAYS_EMBED_SWIFT_STANDARD_LIBRARIES = YES;
				BUNDLE_LOADER = "$(TEST_HOST)";
				CODE_SIGN_STYLE = Automatic;
				DEVELOPMENT_TEAM = 47ET4XNUCV;
				INFOPLIST_FILE = knowledgeTests/Info.plist;
				IPHONEOS_DEPLOYMENT_TARGET = 14.4;
				LD_RUNPATH_SEARCH_PATHS = (
					"$(inherited)",
					"@executable_path/Frameworks",
					"@loader_path/Frameworks",
				);
				PRODUCT_BUNDLE_IDENTIFIER = com.lichengjie.knowledgeTests;
				PRODUCT_NAME = "$(TARGET_NAME)";
				TARGETED_DEVICE_FAMILY = "1,2";
				TEST_HOST = "$(BUILT_PRODUCTS_DIR)/knowledge.app/knowledge";
			};
			name = Debug;
		};
		9A92120525F75918004EC976 /* Release */ = {
			isa = XCBuildConfiguration;
			buildSettings = {
				ALWAYS_EMBED_SWIFT_STANDARD_LIBRARIES = YES;
				BUNDLE_LOADER = "$(TEST_HOST)";
				CODE_SIGN_STYLE = Automatic;
				DEVELOPMENT_TEAM = 47ET4XNUCV;
				INFOPLIST_FILE = knowledgeTests/Info.plist;
				IPHONEOS_DEPLOYMENT_TARGET = 14.4;
				LD_RUNPATH_SEARCH_PATHS = (
					"$(inherited)",
					"@executable_path/Frameworks",
					"@loader_path/Frameworks",
				);
				PRODUCT_BUNDLE_IDENTIFIER = com.lichengjie.knowledgeTests;
				PRODUCT_NAME = "$(TARGET_NAME)";
				TARGETED_DEVICE_FAMILY = "1,2";
				TEST_HOST = "$(BUILT_PRODUCTS_DIR)/knowledge.app/knowledge";
			};
			name = Release;
		};
		9A92120725F75918004EC976 /* Debug */ = {
			isa = XCBuildConfiguration;
			buildSettings = {
				ALWAYS_EMBED_SWIFT_STANDARD_LIBRARIES = YES;
				CODE_SIGN_STYLE = Automatic;
				DEVELOPMENT_TEAM = 47ET4XNUCV;
				INFOPLIST_FILE = knowledgeUITests/Info.plist;
				LD_RUNPATH_SEARCH_PATHS = (
					"$(inherited)",
					"@executable_path/Frameworks",
					"@loader_path/Frameworks",
				);
				PRODUCT_BUNDLE_IDENTIFIER = com.lichengjie.knowledgeUITests;
				PRODUCT_NAME = "$(TARGET_NAME)";
				TARGETED_DEVICE_FAMILY = "1,2";
				TEST_TARGET_NAME = knowledge;
			};
			name = Debug;
		};
		9A92120825F75918004EC976 /* Release */ = {
			isa = XCBuildConfiguration;
			buildSettings = {
				ALWAYS_EMBED_SWIFT_STANDARD_LIBRARIES = YES;
				CODE_SIGN_STYLE = Automatic;
				DEVELOPMENT_TEAM = 47ET4XNUCV;
				INFOPLIST_FILE = knowledgeUITests/Info.plist;
				LD_RUNPATH_SEARCH_PATHS = (
					"$(inherited)",
					"@executable_path/Frameworks",
					"@loader_path/Frameworks",
				);
				PRODUCT_BUNDLE_IDENTIFIER = com.lichengjie.knowledgeUITests;
				PRODUCT_NAME = "$(TARGET_NAME)";
				TARGETED_DEVICE_FAMILY = "1,2";
				TEST_TARGET_NAME = knowledge;
			};
			name = Release;
		};
/* End XCBuildConfiguration section */

/* Begin XCConfigurationList section */
		9A9211C925F75915004EC976 /* Build configuration list for PBXProject "knowledge" */ = {
			isa = XCConfigurationList;
			buildConfigurations = (
				9A9211FE25F75918004EC976 /* Debug */,
				9A9211FF25F75918004EC976 /* Release */,
			);
			defaultConfigurationIsVisible = 0;
			defaultConfigurationName = Release;
		};
		9A92120025F75918004EC976 /* Build configuration list for PBXNativeTarget "knowledge" */ = {
			isa = XCConfigurationList;
			buildConfigurations = (
				9A92120125F75918004EC976 /* Debug */,
				9A92120225F75918004EC976 /* Release */,
			);
			defaultConfigurationIsVisible = 0;
			defaultConfigurationName = Release;
		};
		9A92120325F75918004EC976 /* Build configuration list for PBXNativeTarget "knowledgeTests" */ = {
			isa = XCConfigurationList;
			buildConfigurations = (
				9A92120425F75918004EC976 /* Debug */,
				9A92120525F75918004EC976 /* Release */,
			);
			defaultConfigurationIsVisible = 0;
			defaultConfigurationName = Release;
		};
		9A92120625F75918004EC976 /* Build configuration list for PBXNativeTarget "knowledgeUITests" */ = {
			isa = XCConfigurationList;
			buildConfigurations = (
				9A92120725F75918004EC976 /* Debug */,
				9A92120825F75918004EC976 /* Release */,
			);
			defaultConfigurationIsVisible = 0;
			defaultConfigurationName = Release;
		};
/* End XCConfigurationList section */

/* Begin XCVersionGroup section */
		9A9211DD25F75915004EC976 /* knowledge.xcdatamodeld */ = {
			isa = XCVersionGroup;
			children = (
				9A9211DE25F75915004EC976 /* knowledge.xcdatamodel */,
			);
			currentVersion = 9A9211DE25F75915004EC976 /* knowledge.xcdatamodel */;
			path = knowledge.xcdatamodeld;
			sourceTree = "<group>";
			versionGroupType = wrapper.xcdatamodel;
		};
/* End XCVersionGroup section */
	};
	rootObject = 9A9211C625F75915004EC976 /* Project object */;
}
